
Microsoft Visual Studio Solution File, Format Version 12.00
# Visual Studio 15
VisualStudioVersion = 15.0.27428.2037
MinimumVisualStudioVersion = 10.0.40219.1
Project("{FAE04EC0-301F-11D3-BF4B-00C04F79EFBC}") = "App2.Android", "App2\App2.Android\App2.Android.csproj", "{BC2C3F1C-2F27-4816-9D12-5C10290CBF1A}"
EndProject
Project("{FAE04EC0-301F-11D3-BF4B-00C04F79EFBC}") = "App2.iOS", "App2\App2.iOS\App2.iOS.csproj", "{6B89C762-EAC6-4507-AEB6-098A5CB00530}"
EndProject
Project("{FAE04EC0-301F-11D3-BF4B-00C04F79EFBC}") = "App2", "App2\App2\App2.csproj", "{1906F523-3CFF-48E2-AC56-6451AB8B1F7D}"
EndProject
Global
	GlobalSection(SolutionConfigurationPlatforms) = preSolution
		Ad-Hoc|Any CPU = Ad-Hoc|Any CPU
		Ad-Hoc|iPhone = Ad-Hoc|iPhone
		Ad-Hoc|iPhoneSimulator = Ad-Hoc|iPhoneSimulator
		AppStore|Any CPU = AppStore|Any CPU
		AppStore|iPhone = AppStore|iPhone
		AppStore|iPhoneSimulator = AppStore|iPhoneSimulator
		Debug|Any CPU = Debug|Any CPU
		Debug|iPhone = Debug|iPhone
		Debug|iPhoneSimulator = Debug|iPhoneSimulator
		Release|Any CPU = Release|Any CPU
		Release|iPhone = Release|iPhone
		Release|iPhoneSimulator = Release|iPhoneSimulator
	EndGlobalSection
	GlobalSection(ProjectConfigurationPlatforms) = postSolution
		{BC2C3F1C-2F27-4816-9D12-5C10290CBF1A}.Ad-Hoc|Any CPU.ActiveCfg = Release|Any CPU
		{BC2C3F1C-2F27-4816-9D12-5C10290CBF1A}.Ad-Hoc|Any CPU.Build.0 = Release|Any CPU
		{BC2C3F1C-2F27-4816-9D12-5C10290CBF1A}.Ad-Hoc|Any CPU.Deploy.0 = Release|Any CPU
		{BC2C3F1C-2F27-4816-9D12-5C10290CBF1A}.Ad-Hoc|iPhone.ActiveCfg = Release|Any CPU
		{BC2C3F1C-2F27-4816-9D12-5C10290CBF1A}.Ad-Hoc|iPhone.Build.0 = Release|Any CPU
		{BC2C3F1C-2F27-4816-9D12-5C10290CBF1A}.Ad-Hoc|iPhone.Deploy.0 = Release|Any CPU
		{BC2C3F1C-2F27-4816-9D12-5C10290CBF1A}.Ad-Hoc|iPhoneSimulator.ActiveCfg = Release|Any CPU
		{BC2C3F1C-2F27-4816-9D12-5C10290CBF1A}.Ad-Hoc|iPhoneSimulator.Build.0 = Release|Any CPU
		{BC2C3F1C-2F27-4816-9D12-5C10290CBF1A}.Ad-Hoc|iPhoneSimulator.Deploy.0 = Release|Any CPU
		{BC2C3F1C-2F27-4816-9D12-5C10290CBF1A}.AppStore|Any CPU.ActiveCfg = Release|Any CPU
		{BC2C3F1C-2F27-4816-9D12-5C10290CBF1A}.AppStore|Any CPU.Build.0 = Release|Any CPU
		{BC2C3F1C-2F27-4816-9D12-5C10290CBF1A}.AppStore|Any CPU.Deploy.0 = Release|Any CPU
		{BC2C3F1C-2F27-4816-9D12-5C10290CBF1A}.AppStore|iPhone.ActiveCfg = Release|Any CPU
		{BC2C3F1C-2F27-4816-9D12-5C10290CBF1A}.AppStore|iPhone.Build.0 = Release|Any CPU
		{BC2C3F1C-2F27-4816-9D12-5C10290CBF1A}.AppStore|iPhone.Deploy.0 = Release|Any CPU
		{BC2C3F1C-2F27-4816-9D12-5C10290CBF1A}.AppStore|iPhoneSimulator.ActiveCfg = Release|Any CPU
		{BC2C3F1C-2F27-4816-9D12-5C10290CBF1A}.AppStore|iPhoneSimulator.Build.0 = Release|Any CPU
		{BC2C3F1C-2F27-4816-9D12-5C10290CBF1A}.AppStore|iPhoneSimulator.Deploy.0 = Release|Any CPU
		{BC2C3F1C-2F27-4816-9D12-5C10290CBF1A}.Debug|Any CPU.ActiveCfg = Debug|Any CPU
		{BC2C3F1C-2F27-4816-9D12-5C10290CBF1A}.Debug|Any CPU.Build.0 = Debug|Any CPU
		{BC2C3F1C-2F27-4816-9D12-5C10290CBF1A}.Debug|Any CPU.Deploy.0 = Debug|Any CPU
		{BC2C3F1C-2F27-4816-9D12-5C10290CBF1A}.Debug|iPhone.ActiveCfg = Debug|Any CPU
		{BC2C3F1C-2F27-4816-9D12-5C10290CBF1A}.Debug|iPhone.Build.0 = Debug|Any CPU
		{BC2C3F1C-2F27-4816-9D12-5C10290CBF1A}.Debug|iPhone.Deploy.0 = Debug|Any CPU
		{BC2C3F1C-2F27-4816-9D12-5C10290CBF1A}.Debug|iPhoneSimulator.ActiveCfg = Debug|Any CPU
		{BC2C3F1C-2F27-4816-9D12-5C10290CBF1A}.Debug|iPhoneSimulator.Build.0 = Debug|Any CPU
		{BC2C3F1C-2F27-4816-9D12-5C10290CBF1A}.Debug|iPhoneSimulator.Deploy.0 = Debug|Any CPU
		{BC2C3F1C-2F27-4816-9D12-5C10290CBF1A}.Release|Any CPU.ActiveCfg = Release|Any CPU
		{BC2C3F1C-2F27-4816-9D12-5C10290CBF1A}.Release|Any CPU.Build.0 = Release|Any CPU
		{BC2C3F1C-2F27-4816-9D12-5C10290CBF1A}.Release|Any CPU.Deploy.0 = Release|Any CPU
		{BC2C3F1C-2F27-4816-9D12-5C10290CBF1A}.Release|iPhone.ActiveCfg = Release|Any CPU
		{BC2C3F1C-2F27-4816-9D12-5C10290CBF1A}.Release|iPhone.Build.0 = Release|Any CPU
		{BC2C3F1C-2F27-4816-9D12-5C10290CBF1A}.Release|iPhone.Deploy.0 = Release|Any CPU
		{BC2C3F1C-2F27-4816-9D12-5C10290CBF1A}.Release|iPhoneSimulator.ActiveCfg = Release|Any CPU
		{BC2C3F1C-2F27-4816-9D12-5C10290CBF1A}.Release|iPhoneSimulator.Build.0 = Release|Any CPU
		{BC2C3F1C-2F27-4816-9D12-5C10290CBF1A}.Release|iPhoneSimulator.Deploy.0 = Release|Any CPU
		{6B89C762-EAC6-4507-AEB6-098A5CB00530}.Ad-Hoc|Any CPU.ActiveCfg = Ad-Hoc|iPhone
		{6B89C762-EAC6-4507-AEB6-098A5CB00530}.Ad-Hoc|iPhone.ActiveCfg = Ad-Hoc|iPhone
		{6B89C762-EAC6-4507-AEB6-098A5CB00530}.Ad-Hoc|iPhone.Build.0 = Ad-Hoc|iPhone
		{6B89C762-EAC6-4507-AEB6-098A5CB00530}.Ad-Hoc|iPhoneSimulator.ActiveCfg = Ad-Hoc|iPhoneSimulator
		{6B89C762-EAC6-4507-AEB6-098A5CB00530}.Ad-Hoc|iPhoneSimulator.Build.0 = Ad-Hoc|iPhoneSimulator
		{6B89C762-EAC6-4507-AEB6-098A5CB00530}.AppStore|Any CPU.ActiveCfg = AppStore|iPhone
		{6B89C762-EAC6-4507-AEB6-098A5CB00530}.AppStore|iPhone.ActiveCfg = AppStore|iPhone
		{6B89C762-EAC6-4507-AEB6-098A5CB00530}.AppStore|iPhone.Build.0 = AppStore|iPhone
		{6B89C762-EAC6-4507-AEB6-098A5CB00530}.AppStore|iPhoneSimulator.ActiveCfg = AppStore|iPhoneSimulator
		{6B89C762-EAC6-4507-AEB6-098A5CB00530}.AppStore|iPhoneSimulator.Build.0 = AppStore|iPhoneSimulator
		{6B89C762-EAC6-4507-AEB6-098A5CB00530}.Debug|Any CPU.ActiveCfg = Debug|iPhone
		{6B89C762-EAC6-4507-AEB6-098A5CB00530}.Debug|iPhone.ActiveCfg = Debug|iPhone
		{6B89C762-EAC6-4507-AEB6-098A5CB00530}.Debug|iPhone.Build.0 = Debug|iPhone
		{6B89C762-EAC6-4507-AEB6-098A5CB00530}.Debug|iPhoneSimulator.ActiveCfg = Debug|iPhoneSimulator
		{6B89C762-EAC6-4507-AEB6-098A5CB00530}.Debug|iPhoneSimulator.Build.0 = Debug|iPhoneSimulator
		{6B89C762-EAC6-4507-AEB6-098A5CB00530}.Release|Any CPU.ActiveCfg = Release|iPhone
		{6B89C762-EAC6-4507-AEB6-098A5CB00530}.Release|iPhone.ActiveCfg = Release|iPhone
		{6B89C762-EAC6-4507-AEB6-098A5CB00530}.Release|iPhone.Build.0 = Release|iPhone
		{6B89C762-EAC6-4507-AEB6-098A5CB00530}.Release|iPhoneSimulator.ActiveCfg = Release|iPhoneSimulator
		{6B89C762-EAC6-4507-AEB6-098A5CB00530}.Release|iPhoneSimulator.Build.0 = Release|iPhoneSimulator
		{1906F523-3CFF-48E2-AC56-6451AB8B1F7D}.Ad-Hoc|Any CPU.ActiveCfg = Debug|Any CPU
		{1906F523-3CFF-48E2-AC56-6451AB8B1F7D}.Ad-Hoc|Any CPU.Build.0 = Debug|Any CPU
		{1906F523-3CFF-48E2-AC56-6451AB8B1F7D}.Ad-Hoc|iPhone.ActiveCfg = Debug|Any CPU
		{1906F523-3CFF-48E2-AC56-6451AB8B1F7D}.Ad-Hoc|iPhone.Build.0 = Debug|Any CPU
		{1906F523-3CFF-48E2-AC56-6451AB8B1F7D}.Ad-Hoc|iPhoneSimulator.ActiveCfg = Debug|Any CPU
		{1906F523-3CFF-48E2-AC56-6451AB8B1F7D}.Ad-Hoc|iPhoneSimulator.Build.0 = Debug|Any CPU
		{1906F523-3CFF-48E2-AC56-6451AB8B1F7D}.AppStore|Any CPU.ActiveCfg = Debug|Any CPU
		{1906F523-3CFF-48E2-AC56-6451AB8B1F7D}.AppStore|Any CPU.Build.0 = Debug|Any CPU
		{1906F523-3CFF-48E2-AC56-6451AB8B1F7D}.AppStore|iPhone.ActiveCfg = Debug|Any CPU
		{1906F523-3CFF-48E2-AC56-6451AB8B1F7D}.AppStore|iPhone.Build.0 = Debug|Any CPU
		{1906F523-3CFF-48E2-AC56-6451AB8B1F7D}.AppStore|iPhoneSimulator.ActiveCfg = Debug|Any CPU
		{1906F523-3CFF-48E2-AC56-6451AB8B1F7D}.AppStore|iPhoneSimulator.Build.0 = Debug|Any CPU
		{1906F523-3CFF-48E2-AC56-6451AB8B1F7D}.Debug|Any CPU.ActiveCfg = Debug|Any CPU
		{1906F523-3CFF-48E2-AC56-6451AB8B1F7D}.Debug|Any CPU.Build.0 = Debug|Any CPU
		{1906F523-3CFF-48E2-AC56-6451AB8B1F7D}.Debug|iPhone.ActiveCfg = Debug|Any CPU
		{1906F523-3CFF-48E2-AC56-6451AB8B1F7D}.Debug|iPhone.Build.0 = Debug|Any CPU
		{1906F523-3CFF-48E2-AC56-6451AB8B1F7D}.Debug|iPhoneSimulator.ActiveCfg = Debug|Any CPU
		{1906F523-3CFF-48E2-AC56-6451AB8B1F7D}.Debug|iPhoneSimulator.Build.0 = Debug|Any CPU
		{1906F523-3CFF-48E2-AC56-6451AB8B1F7D}.Release|Any CPU.ActiveCfg = Release|Any CPU
		{1906F523-3CFF-48E2-AC56-6451AB8B1F7D}.Release|Any CPU.Build.0 = Release|Any CPU
		{1906F523-3CFF-48E2-AC56-6451AB8B1F7D}.Release|iPhone.ActiveCfg = Release|Any CPU
		{1906F523-3CFF-48E2-AC56-6451AB8B1F7D}.Release|iPhone.Build.0 = Release|Any CPU
		{1906F523-3CFF-48E2-AC56-6451AB8B1F7D}.Release|iPhoneSimulator.ActiveCfg = Release|Any CPU
		{1906F523-3CFF-48E2-AC56-6451AB8B1F7D}.Release|iPhoneSimulator.Build.0 = Release|Any CPU
	EndGlobalSection
	GlobalSection(SolutionProperties) = preSolution
		HideSolutionNode = FALSE
	EndGlobalSection
	GlobalSection(ExtensibilityGlobals) = postSolution
		SolutionGuid = {9AC97745-576B-4201-9619-EFA391919968}
	EndGlobalSection
EndGlobal
